
Microsoft Visual Studio Solution File, Format Version 12.00
# Visual Studio Version 17
VisualStudioVersion = 17.9.34607.119
MinimumVisualStudioVersion = 10.0.40219.1
Project("{FAE04EC0-301F-11D3-BF4B-00C04F79EFBC}") = "Euromilhões - Avaliação", "Euromilhões - Avaliação\Euromilhões - Avaliação.csproj", "{7F59F26D-6800-4148-9516-0D072C7E0AB6}"
EndProject
Global
	GlobalSection(SolutionConfigurationPlatforms) = preSolution
		Debug|Any CPU = Debug|Any CPU
		Release|Any CPU = Release|Any CPU
	EndGlobalSection
	GlobalSection(ProjectConfigurationPlatforms) = postSolution
		{7F59F26D-6800-4148-9516-0D072C7E0AB6}.Debug|Any CPU.ActiveCfg = Debug|Any CPU
		{7F59F26D-6800-4148-9516-0D072C7E0AB6}.Debug|Any CPU.Build.0 = Debug|Any CPU
		{7F59F26D-6800-4148-9516-0D072C7E0AB6}.Release|Any CPU.ActiveCfg = Release|Any CPU
		{7F59F26D-6800-4148-9516-0D072C7E0AB6}.Release|Any CPU.Build.0 = Release|Any CPU
	EndGlobalSection
	GlobalSection(SolutionProperties) = preSolution
		HideSolutionNode = FALSE
	EndGlobalSection
	GlobalSection(ExtensibilityGlobals) = postSolution
		SolutionGuid = {F80D26BC-CDF8-4B6E-ADD8-31A9944C2D20}
	EndGlobalSection
EndGlobal
